
Microsoft Visual Studio Solution File, Format Version 12.00
# Visual Studio 15
VisualStudioVersion = 15.0.28307.329
MinimumVisualStudioVersion = 10.0.40219.1
Project("{FAE04EC0-301F-11D3-BF4B-00C04F79EFBC}") = "SVOArt", "SVOArt\SVOArt.csproj", "{7CD3701E-7BAB-4850-B5D2-D0DE17D18644}"
EndProject
Project("{FAE04EC0-301F-11D3-BF4B-00C04F79EFBC}") = "SVOArtTest", "SVOArtTest\SVOArtTest.csproj", "{FCEEBD70-3CA7-4891-8CDB-69C998AAFD07}"
EndProject
Global
	GlobalSection(SolutionConfigurationPlatforms) = preSolution
		Debug|Any CPU = Debug|Any CPU
		Release|Any CPU = Release|Any CPU
	EndGlobalSection
	GlobalSection(ProjectConfigurationPlatforms) = postSolution
		{7CD3701E-7BAB-4850-B5D2-D0DE17D18644}.Debug|Any CPU.ActiveCfg = Debug|Any CPU
		{7CD3701E-7BAB-4850-B5D2-D0DE17D18644}.Debug|Any CPU.Build.0 = Debug|Any CPU
		{7CD3701E-7BAB-4850-B5D2-D0DE17D18644}.Release|Any CPU.ActiveCfg = Release|Any CPU
		{7CD3701E-7BAB-4850-B5D2-D0DE17D18644}.Release|Any CPU.Build.0 = Release|Any CPU
		{FCEEBD70-3CA7-4891-8CDB-69C998AAFD07}.Debug|Any CPU.ActiveCfg = Debug|Any CPU
		{FCEEBD70-3CA7-4891-8CDB-69C998AAFD07}.Debug|Any CPU.Build.0 = Debug|Any CPU
		{FCEEBD70-3CA7-4891-8CDB-69C998AAFD07}.Release|Any CPU.ActiveCfg = Release|Any CPU
		{FCEEBD70-3CA7-4891-8CDB-69C998AAFD07}.Release|Any CPU.Build.0 = Release|Any CPU
	EndGlobalSection
	GlobalSection(SolutionProperties) = preSolution
		HideSolutionNode = FALSE
	EndGlobalSection
	GlobalSection(ExtensibilityGlobals) = postSolution
		SolutionGuid = {6299AD2F-7EC1-4723-8371-8FB93FB3175F}
	EndGlobalSection
EndGlobal
